// !$*UTF8*$!
{
	archiveVersion = 1;
	classes = {
	};
	objectVersion = 39;
	objects = {
		02345980000FD03B11CA0E72 = {
			children = (
				1870340FFE93FCAF11CA0CD7,
			);
			isa = PBXVariantGroup;
			name = main.nib;
			refType = 4;
			sourceTree = "<group>";
		};
//020
//021
//022
//023
//024
//080
//081
//082
//083
//084
		0867D6AAFE840B52C02AAC07 = {
			children = (
				0867D6ABFE840B52C02AAC07,
			);
			isa = PBXVariantGroup;
			name = InfoPlist.strings;
			refType = 4;
			sourceTree = "<group>";
		};
		0867D6ABFE840B52C02AAC07 = {
			fileEncoding = 10;
			isa = PBXFileReference;
			lastKnownFileType = text.plist.strings;
			name = English;
			path = English.lproj/InfoPlist.strings;
			refType = 4;
			sourceTree = "<group>";
		};
//080
//081
//082
//083
//084
//180
//181
//182
//183
//184
		1870340FFE93FCAF11CA0CD7 = {
			isa = PBXFileReference;
			lastKnownFileType = wrapper.nib;
			name = English;
			path = English.lproj/main.nib;
			refType = 4;
			sourceTree = "<group>";
		};
//180
//181
//182
//183
//184
//190
//191
//192
//193
//194
		195DF8CFFE9D517E11CA2CBB = {
			children = (
				8D0C4E970486CD37000505A6,
			);
			isa = PBXGroup;
			name = Products;
			refType = 4;
			sourceTree = "<group>";
		};
//190
//191
//192
//193
//194
//1F0
//1F1
//1F2
//1F3
//1F4
		1F49F6FE07AD6F150058BE5D = {
			children = (
				1FF61109082F118D004EB1E4,
				1FF6110A082F118D004EB1E4,
				1F9A4950082D65C40032CDE9,
				1F49F70407AD6F2D0058BE5D,
				1F49F70507AD6F2D0058BE5D,
				1F49F70607AD6F2D0058BE5D,
				1F49F70707AD6F2D0058BE5D,
				1FD8F431088C87A500B4318C,
				1F49F70807AD6F2D0058BE5D,
				1F49F70907AD6F2D0058BE5D,
				1F49F70A07AD6F2D0058BE5D,
				1F49F70B07AD6F2D0058BE5D,
				1F49F70D07AD6F2D0058BE5D,
			);
			isa = PBXGroup;
			name = OSG;
			refType = 4;
			sourceTree = "<group>";
		};
		1F49F70407AD6F2D0058BE5D = {
			isa = PBXFileReference;
			lastKnownFileType = wrapper.framework;
			name = osgParticle.framework;
			path = /Library/Frameworks/osgParticle.framework;
			refType = 0;
			sourceTree = "<absolute>";
		};
		1F49F70507AD6F2D0058BE5D = {
			isa = PBXFileReference;
			lastKnownFileType = wrapper.framework;
			name = osgSim.framework;
			path = /Library/Frameworks/osgSim.framework;
			refType = 0;
			sourceTree = "<absolute>";
		};
		1F49F70607AD6F2D0058BE5D = {
			isa = PBXFileReference;
			lastKnownFileType = wrapper.framework;
			name = OpenThreads.framework;
			path = /Library/Frameworks/OpenThreads.framework;
			refType = 0;
			sourceTree = "<absolute>";
		};
		1F49F70707AD6F2D0058BE5D = {
			isa = PBXFileReference;
			lastKnownFileType = wrapper.framework;
			name = osgGA.framework;
			path = /Library/Frameworks/osgGA.framework;
			refType = 0;
			sourceTree = "<absolute>";
		};
		1F49F70807AD6F2D0058BE5D = {
			isa = PBXFileReference;
			lastKnownFileType = wrapper.framework;
			name = osg.framework;
			path = /Library/Frameworks/osg.framework;
			refType = 0;
			sourceTree = "<absolute>";
		};
		1F49F70907AD6F2D0058BE5D = {
			isa = PBXFileReference;
			lastKnownFileType = wrapper.framework;
			name = osgTerrain.framework;
			path = /Library/Frameworks/osgTerrain.framework;
			refType = 0;
			sourceTree = "<absolute>";
		};
		1F49F70A07AD6F2D0058BE5D = {
			isa = PBXFileReference;
			lastKnownFileType = wrapper.framework;
			name = osgFX.framework;
			path = /Library/Frameworks/osgFX.framework;
			refType = 0;
			sourceTree = "<absolute>";
		};
		1F49F70B07AD6F2D0058BE5D = {
			isa = PBXFileReference;
			lastKnownFileType = wrapper.framework;
			name = osgText.framework;
			path = /Library/Frameworks/osgText.framework;
			refType = 0;
			sourceTree = "<absolute>";
		};
		1F49F70D07AD6F2D0058BE5D = {
			isa = PBXFileReference;
			lastKnownFileType = wrapper.framework;
			name = osgDB.framework;
			path = /Library/Frameworks/osgDB.framework;
			refType = 0;
			sourceTree = "<absolute>";
		};
		1F49F70F07AD6F2D0058BE5D = {
			fileRef = 1F49F70407AD6F2D0058BE5D;
			isa = PBXBuildFile;
			settings = {
			};
		};
		1F49F71007AD6F2D0058BE5D = {
			fileRef = 1F49F70507AD6F2D0058BE5D;
			isa = PBXBuildFile;
			settings = {
			};
		};
		1F49F71107AD6F2D0058BE5D = {
			fileRef = 1F49F70607AD6F2D0058BE5D;
			isa = PBXBuildFile;
			settings = {
			};
		};
		1F49F71207AD6F2D0058BE5D = {
			fileRef = 1F49F70707AD6F2D0058BE5D;
			isa = PBXBuildFile;
			settings = {
			};
		};
		1F49F71307AD6F2D0058BE5D = {
			fileRef = 1F49F70807AD6F2D0058BE5D;
			isa = PBXBuildFile;
			settings = {
			};
		};
		1F49F71507AD6F2D0058BE5D = {
			fileRef = 1F49F70A07AD6F2D0058BE5D;
			isa = PBXBuildFile;
			settings = {
			};
		};
		1F49F71607AD6F2D0058BE5D = {
			fileRef = 1F49F70B07AD6F2D0058BE5D;
			isa = PBXBuildFile;
			settings = {
			};
		};
		1F49F71807AD6F2D0058BE5D = {
			fileRef = 1F49F70D07AD6F2D0058BE5D;
			isa = PBXBuildFile;
			settings = {
			};
		};
		1F49F83507AD6F520058BE5D = {
			isa = PBXFileReference;
			lastKnownFileType = wrapper.framework;
			name = OpenGL.framework;
			path = /System/Library/Frameworks/OpenGL.framework;
			refType = 0;
			sourceTree = "<absolute>";
		};
		1F49F83707AD6F520058BE5D = {
			fileRef = 1F49F83507AD6F520058BE5D;
			isa = PBXBuildFile;
			settings = {
			};
		};
		1F9A4950082D65C40032CDE9 = {
			isa = PBXFileReference;
			lastKnownFileType = wrapper.framework;
			name = osgUtil.framework;
			path = /Library/Frameworks/osgUtil.framework;
			refType = 0;
			sourceTree = "<absolute>";
		};
		1F9A4951082D65C40032CDE9 = {
			fileRef = 1F9A4950082D65C40032CDE9;
			isa = PBXBuildFile;
			settings = {
			};
		};
		1FD8F431088C87A500B4318C = {
			isa = PBXFileReference;
			lastKnownFileType = wrapper.framework;
			name = osgIntrospection.framework;
			path = /Library/Frameworks/osgIntrospection.framework;
			refType = 0;
			sourceTree = "<absolute>";
		};
		1FD8F432088C87A500B4318C = {
			fileRef = 1FD8F431088C87A500B4318C;
			isa = PBXBuildFile;
			settings = {
			};
		};
		1FD8F6B1088C9F0700B4318C = {
			isa = PBXFileReference;
			lastKnownFileType = wrapper.framework;
			name = gdal.framework;
			path = /Library/Frameworks/gdal.framework;
			refType = 0;
			sourceTree = "<absolute>";
		};
		1FF61109082F118D004EB1E4 = {
			isa = PBXFileReference;
			lastKnownFileType = wrapper.framework;
			name = osgProducer.framework;
			path = /Library/Frameworks/osgProducer.framework;
			refType = 0;
			sourceTree = "<absolute>";
		};
		1FF6110A082F118D004EB1E4 = {
			isa = PBXFileReference;
			lastKnownFileType = wrapper.framework;
			name = Producer.framework;
			path = /Library/Frameworks/Producer.framework;
			refType = 0;
			sourceTree = "<absolute>";
		};
		1FF6110B082F118D004EB1E4 = {
			fileRef = 1FF61109082F118D004EB1E4;
			isa = PBXBuildFile;
			settings = {
			};
		};
		1FF6110C082F118D004EB1E4 = {
			fileRef = 1FF6110A082F118D004EB1E4;
			isa = PBXBuildFile;
			settings = {
			};
		};
//1F0
//1F1
//1F2
//1F3
//1F4
//200
//201
//202
//203
//204
		20286C28FDCF999611CA2CEA = {
			buildSettings = {
			};
			buildStyles = (
				4A9504C5FFE6A39111CA0CBA,
				4A9504C6FFE6A39111CA0CBA,
			);
			hasScannedForEncodings = 1;
			isa = PBXProject;
			mainGroup = 20286C29FDCF999611CA2CEA;
			projectDirPath = "";
			targets = (
				8D0C4E890486CD37000505A6,
			);
		};
		20286C29FDCF999611CA2CEA = {
			children = (
				20286C2AFDCF999611CA2CEA,
				20286C2CFDCF999611CA2CEA,
				20286C32FDCF999611CA2CEA,
				195DF8CFFE9D517E11CA2CBB,
			);
			isa = PBXGroup;
			name = "«PROJECTNAMEASXML»";
			path = "";
			refType = 4;
			sourceTree = "<group>";
		};
		20286C2AFDCF999611CA2CEA = {
			children = (
				32DBCF6D0370B57F00C91783,
				20286C2BFDCF999611CA2CEA,
			);
			isa = PBXGroup;
			name = Sources;
			path = "";
			refType = 4;
			sourceTree = "<group>";
		};
		20286C2BFDCF999611CA2CEA = {
			fileEncoding = 4;
			isa = PBXFileReference;
			lastKnownFileType = sourcecode.cpp.cpp;
			path = main.cpp;
			refType = 4;
			sourceTree = "<group>";
		};
		20286C2CFDCF999611CA2CEA = {
			children = (
				8D0C4E960486CD37000505A6,
				0867D6AAFE840B52C02AAC07,
				02345980000FD03B11CA0E72,
			);
			isa = PBXGroup;
			name = Resources;
			path = "";
			refType = 4;
			sourceTree = "<group>";
		};
		20286C32FDCF999611CA2CEA = {
			children = (
				1FD8F6B1088C9F0700B4318C,
				1F49F6FE07AD6F150058BE5D,
				1F49F83507AD6F520058BE5D,
				20286C33FDCF999611CA2CEA,
			);
			isa = PBXGroup;
			name = "External Frameworks and Libraries";
			path = "";
			refType = 4;
			sourceTree = "<group>";
		};
		20286C33FDCF999611CA2CEA = {
			isa = PBXFileReference;
			lastKnownFileType = wrapper.framework;
			name = Carbon.framework;
			path = /System/Library/Frameworks/Carbon.framework;
			refType = 0;
			sourceTree = "<absolute>";
		};
//200
//201
//202
//203
//204
//320
//321
//322
//323
//324
		32DBCF6D0370B57F00C91783 = {
			fileEncoding = 4;
			isa = PBXFileReference;
			lastKnownFileType = file;
			path = "«PROJECTNAME»_Prefix.pch";
			refType = 4;
			sourceTree = "<group>";
		};
//320
//321
//322
//323
//324
//4A0
//4A1
//4A2
//4A3
//4A4
		4A9504C5FFE6A39111CA0CBA = {
			buildSettings = {
				COPY_PHASE_STRIP = NO;
				GCC_DYNAMIC_NO_PIC = NO;
				GCC_ENABLE_FIX_AND_CONTINUE = YES;
				GCC_GENERATE_DEBUGGING_SYMBOLS = YES;
				GCC_OPTIMIZATION_LEVEL = 0;
				PREBINDING = NO;
				ZERO_LINK = YES;
			};
			isa = PBXBuildStyle;
			name = Development;
		};
		4A9504C6FFE6A39111CA0CBA = {
			buildSettings = {
				COPY_PHASE_STRIP = YES;
				GCC_ENABLE_FIX_AND_CONTINUE = NO;
				ZERO_LINK = NO;
			};
			isa = PBXBuildStyle;
			name = Deployment;
		};
//4A0
//4A1
//4A2
//4A3
//4A4
//8D0
//8D1
//8D2
//8D3
//8D4
		8D0C4E890486CD37000505A6 = {
			buildPhases = (
				8D0C4E8C0486CD37000505A6,
				8D0C4E8F0486CD37000505A6,
				8D0C4E910486CD37000505A6,
			);
			buildRules = (
			);
			buildSettings = {
				GCC_GENERATE_DEBUGGING_SYMBOLS = NO;
				GCC_PRECOMPILE_PREFIX_HEADER = YES;
				GCC_PREFIX_HEADER = "«PROJECTNAME»_Prefix.pch";
				GCC_PREPROCESSOR_DEFINITIONS = "__USE_OSX_AGL_IMPLEMENTATION__ ";
				GCC_SYMBOLS_PRIVATE_EXTERN = NO;
				INFOPLIST_FILE = Info.plist;
				INSTALL_PATH = "$(HOME)/Applications";
				PRODUCT_NAME = "«PROJECTNAME»";
				WRAPPER_EXTENSION = app;
			};
			dependencies = (
			);
			isa = PBXNativeTarget;
			name = "«PROJECTNAME»";
			productInstallPath = "$(HOME)/Applications";
			productName = "«PROJECTNAME»";
			productReference = 8D0C4E970486CD37000505A6;
			productType = "com.apple.product-type.application";
		};
		8D0C4E8C0486CD37000505A6 = {
			buildActionMask = 2147483647;
			files = (
				8D0C4E8D0486CD37000505A6,
				8D0C4E8E0486CD37000505A6,
			);
			isa = PBXResourcesBuildPhase;
			runOnlyForDeploymentPostprocessing = 0;
		};
		8D0C4E8D0486CD37000505A6 = {
			fileRef = 0867D6AAFE840B52C02AAC07;
			isa = PBXBuildFile;
			settings = {
			};
		};
		8D0C4E8E0486CD37000505A6 = {
			fileRef = 02345980000FD03B11CA0E72;
			isa = PBXBuildFile;
			settings = {
			};
		};
		8D0C4E8F0486CD37000505A6 = {
			buildActionMask = 2147483647;
			files = (
				8D0C4E900486CD37000505A6,
			);
			isa = PBXSourcesBuildPhase;
			runOnlyForDeploymentPostprocessing = 0;
		};
		8D0C4E900486CD37000505A6 = {
			fileRef = 20286C2BFDCF999611CA2CEA;
			isa = PBXBuildFile;
			settings = {
				ATTRIBUTES = (
				);
			};
		};
		8D0C4E910486CD37000505A6 = {
			buildActionMask = 2147483647;
			files = (
				8D0C4E920486CD37000505A6,
				1F49F70F07AD6F2D0058BE5D,
				1F49F71007AD6F2D0058BE5D,
				1F49F71107AD6F2D0058BE5D,
				1F49F71207AD6F2D0058BE5D,
				1F49F71307AD6F2D0058BE5D,
				1F49F71507AD6F2D0058BE5D,
				1F49F71607AD6F2D0058BE5D,
				1F49F71807AD6F2D0058BE5D,
				1F49F83707AD6F520058BE5D,
				1F9A4951082D65C40032CDE9,
				1FF6110B082F118D004EB1E4,
				1FF6110C082F118D004EB1E4,
				1FD8F432088C87A500B4318C,
			);
			isa = PBXFrameworksBuildPhase;
			runOnlyForDeploymentPostprocessing = 0;
		};
		8D0C4E920486CD37000505A6 = {
			fileRef = 20286C33FDCF999611CA2CEA;
			isa = PBXBuildFile;
			settings = {
			};
		};
		8D0C4E960486CD37000505A6 = {
			fileEncoding = 4;
			isa = PBXFileReference;
			lastKnownFileType = text.plist;
			path = Info.plist;
			refType = 4;
			sourceTree = "<group>";
		};
		8D0C4E970486CD37000505A6 = {
			explicitFileType = wrapper.application;
			includeInIndex = 0;
			isa = PBXFileReference;
			path = "«PROJECTNAME».app";
			refType = 3;
			sourceTree = BUILT_PRODUCTS_DIR;
		};
	};
	rootObject = 20286C28FDCF999611CA2CEA;
}
